// !$*UTF8*$!
{
	archiveVersion = 1;
	classes = {
	};
	objectVersion = 51;
	objects = {

/* Begin PBXBuildFile section */
		2209BE312515384A004CB29F /* RepositoriesView.swift in Sources */ = {isa = PBXBuildFile; fileRef = 2209BE302515384A004CB29F /* RepositoriesView.swift */; };
		2209BE332515384C004CB29F /* Assets.xcassets in Resources */ = {isa = PBXBuildFile; fileRef = 2209BE322515384C004CB29F /* Assets.xcassets */; };
		2209BE362515384C004CB29F /* Preview Assets.xcassets in Resources */ = {isa = PBXBuildFile; fileRef = 2209BE352515384C004CB29F /* Preview Assets.xcassets */; };
		2209BE9025153902004CB29F /* GitTrendyModel.framework in Frameworks */ = {isa = PBXBuildFile; fileRef = 2209BE8725153902004CB29F /* GitTrendyModel.framework */; };
		2209BE9725153902004CB29F /* GitTrendyModelTests.swift in Sources */ = {isa = PBXBuildFile; fileRef = 2209BE9625153902004CB29F /* GitTrendyModelTests.swift */; };
		2209BE9925153902004CB29F /* GitTrendyModel.h in Headers */ = {isa = PBXBuildFile; fileRef = 2209BE8925153902004CB29F /* GitTrendyModel.h */; settings = {ATTRIBUTES = (Public, ); }; };
		2209BE9C25153902004CB29F /* GitTrendyModel.framework in Frameworks */ = {isa = PBXBuildFile; fileRef = 2209BE8725153902004CB29F /* GitTrendyModel.framework */; };
		2209BE9D25153902004CB29F /* GitTrendyModel.framework in Embed Frameworks */ = {isa = PBXBuildFile; fileRef = 2209BE8725153902004CB29F /* GitTrendyModel.framework */; settings = {ATTRIBUTES = (CodeSignOnCopy, RemoveHeadersOnCopy, ); }; };
		2209BEAF251539A2004CB29F /* URLSession+extension.swift in Sources */ = {isa = PBXBuildFile; fileRef = 2209BEAE251539A2004CB29F /* URLSession+extension.swift */; };
		2209BEB725153AEE004CB29F /* Constants.swift in Sources */ = {isa = PBXBuildFile; fileRef = 2209BEB625153AEE004CB29F /* Constants.swift */; };
		2209BEC225153FFD004CB29F /* GitHubRepository.swift in Sources */ = {isa = PBXBuildFile; fileRef = 2209BEC125153FFD004CB29F /* GitHubRepository.swift */; };
		2209BED4251542D8004CB29F /* GitHubUser.swift in Sources */ = {isa = PBXBuildFile; fileRef = 2209BED3251542D8004CB29F /* GitHubUser.swift */; };
		2209BEDA25154334004CB29F /* GithubSearchResponse.swift in Sources */ = {isa = PBXBuildFile; fileRef = 2209BED925154334004CB29F /* GithubSearchResponse.swift */; };
		2209BEE4251545A1004CB29F /* RepositoryContentResponse.swift in Sources */ = {isa = PBXBuildFile; fileRef = 2209BEE3251545A1004CB29F /* RepositoryContentResponse.swift */; };
		2209BEF325154A4C004CB29F /* APICall.swift in Sources */ = {isa = PBXBuildFile; fileRef = 2209BEF025154A4B004CB29F /* APICall.swift */; };
		2209BEF425154A4C004CB29F /* WebRepository.swift in Sources */ = {isa = PBXBuildFile; fileRef = 2209BEF125154A4B004CB29F /* WebRepository.swift */; };
		2209BEF525154A4C004CB29F /* NetworkingHelpers.swift in Sources */ = {isa = PBXBuildFile; fileRef = 2209BEF225154A4B004CB29F /* NetworkingHelpers.swift */; };
		2209BEFD25154AF7004CB29F /* GithubAPI.swift in Sources */ = {isa = PBXBuildFile; fileRef = 2209BEFC25154AF7004CB29F /* GithubAPI.swift */; };
		2209BF0825154BAD004CB29F /* FakeGithubAPI.swift in Sources */ = {isa = PBXBuildFile; fileRef = 2209BF0725154BAD004CB29F /* FakeGithubAPI.swift */; };
		2209BF1225154C46004CB29F /* GithubAPIImplementation.swift in Sources */ = {isa = PBXBuildFile; fileRef = 2209BF1125154C46004CB29F /* GithubAPIImplementation.swift */; };
		2209BF19251550FC004CB29F /* GithubRepositoriesViewModel.swift in Sources */ = {isa = PBXBuildFile; fileRef = 2209BF18251550FC004CB29F /* GithubRepositoriesViewModel.swift */; };
		2209BF272515512C004CB29F /* GithubRepositoryDetailsViewModel.swift in Sources */ = {isa = PBXBuildFile; fileRef = 2209BF262515512C004CB29F /* GithubRepositoryDetailsViewModel.swift */; };
		2209BF2E25155D14004CB29F /* Message.swift in Sources */ = {isa = PBXBuildFile; fileRef = 2209BF2D25155D14004CB29F /* Message.swift */; };
		2209BF4125156E60004CB29F /* SearchBar.swift in Sources */ = {isa = PBXBuildFile; fileRef = 2209BF4025156E60004CB29F /* SearchBar.swift */; };
		2209BF4D251576E0004CB29F /* Formatter.swift in Sources */ = {isa = PBXBuildFile; fileRef = 2209BF4C251576E0004CB29F /* Formatter.swift */; };
		2209BF5825157F95004CB29F /* RepositoryRow.swift in Sources */ = {isa = PBXBuildFile; fileRef = 2209BF5725157F95004CB29F /* RepositoryRow.swift */; };
		2209BF6325157FEA004CB29F /* RootView.swift in Sources */ = {isa = PBXBuildFile; fileRef = 2209BF6225157FEA004CB29F /* RootView.swift */; };
		2209BF7225158615004CB29F /* RepositoryDetails.swift in Sources */ = {isa = PBXBuildFile; fileRef = 2209BF7125158615004CB29F /* RepositoryDetails.swift */; };
		2268730F25175BC300038536 /* UIViewController+Alerts.swift in Sources */ = {isa = PBXBuildFile; fileRef = 2268730E25175BC300038536 /* UIViewController+Alerts.swift */; };
		2268731525175C2000038536 /* RepositoryCell.swift in Sources */ = {isa = PBXBuildFile; fileRef = 2268731425175C2000038536 /* RepositoryCell.swift */; };
		2268731D25175E9300038536 /* Assets.xcassets in Resources */ = {isa = PBXBuildFile; fileRef = 2268731C25175E9300038536 /* Assets.xcassets */; };
		2268733B2517726500038536 /* RepositoryDetails.swift in Sources */ = {isa = PBXBuildFile; fileRef = 2268733A2517726500038536 /* RepositoryDetails.swift */; };
		22687347251780B800038536 /* RepositoryContentView.swift in Sources */ = {isa = PBXBuildFile; fileRef = 22687345251780B800038536 /* RepositoryContentView.swift */; };
		22687348251780B800038536 /* RepositoryScrollView.swift in Sources */ = {isa = PBXBuildFile; fileRef = 22687346251780B800038536 /* RepositoryScrollView.swift */; };
		226873522517C21700038536 /* GitTrendyModel.framework in Frameworks */ = {isa = PBXBuildFile; fileRef = 2209BE8725153902004CB29F /* GitTrendyModel.framework */; };
		226873532517C21700038536 /* GitTrendyModel.framework in Embed Frameworks */ = {isa = PBXBuildFile; fileRef = 2209BE8725153902004CB29F /* GitTrendyModel.framework */; settings = {ATTRIBUTES = (CodeSignOnCopy, RemoveHeadersOnCopy, ); }; };
		2268735B2517C75D00038536 /* SearchBarContainer.swift in Sources */ = {isa = PBXBuildFile; fileRef = 2268735A2517C75D00038536 /* SearchBarContainer.swift */; };
		22C0B450251640E3003E555F /* TextView.swift in Sources */ = {isa = PBXBuildFile; fileRef = 22C0B44F251640E3003E555F /* TextView.swift */; };
		22C0B4592516629D003E555F /* RepositoriesViewModelFactory.swift in Sources */ = {isa = PBXBuildFile; fileRef = 22C0B4582516629D003E555F /* RepositoriesViewModelFactory.swift */; };
		22C0B46F25167834003E555F /* URLImage.swift in Sources */ = {isa = PBXBuildFile; fileRef = 22C0B46E25167834003E555F /* URLImage.swift */; };
		22C0B475251678B5003E555F /* ImageLoader.swift in Sources */ = {isa = PBXBuildFile; fileRef = 22C0B474251678B5003E555F /* ImageLoader.swift */; };
		22C0B47C251679C5003E555F /* View+loading.swift in Sources */ = {isa = PBXBuildFile; fileRef = 22C0B47B251679C5003E555F /* View+loading.swift */; };
		22C0B48625167A12003E555F /* LoadingView.swift in Sources */ = {isa = PBXBuildFile; fileRef = 22C0B48525167A12003E555F /* LoadingView.swift */; };
		22C0B4902516BDE3003E555F /* KeyboardFollower.swift in Sources */ = {isa = PBXBuildFile; fileRef = 22C0B48F2516BDE3003E555F /* KeyboardFollower.swift */; };
		22C0B4962516BE05003E555F /* UIResponder+Additions.swift in Sources */ = {isa = PBXBuildFile; fileRef = 22C0B4952516BE05003E555F /* UIResponder+Additions.swift */; };
		22C0B49C2516BE40003E555F /* ToolBar.swift in Sources */ = {isa = PBXBuildFile; fileRef = 22C0B49B2516BE40003E555F /* ToolBar.swift */; };
		22C0B4AF2516CC60003E555F /* AppDelegate.swift in Sources */ = {isa = PBXBuildFile; fileRef = 22C0B4AD2516CC60003E555F /* AppDelegate.swift */; };
		22C0B4B02516CC60003E555F /* SceneDelegate.swift in Sources */ = {isa = PBXBuildFile; fileRef = 22C0B4AE2516CC60003E555F /* SceneDelegate.swift */; };
		22C0B4C52516DE52003E555F /* AppDelegate.swift in Sources */ = {isa = PBXBuildFile; fileRef = 22C0B4C42516DE52003E555F /* AppDelegate.swift */; };
		22C0B4C72516DE52003E555F /* SceneDelegate.swift in Sources */ = {isa = PBXBuildFile; fileRef = 22C0B4C62516DE52003E555F /* SceneDelegate.swift */; };
		22C0B4C92516DE52003E555F /* RepositoriesViewController.swift in Sources */ = {isa = PBXBuildFile; fileRef = 22C0B4C82516DE52003E555F /* RepositoriesViewController.swift */; };
		22C0B4D12516DE53003E555F /* LaunchScreen.storyboard in Resources */ = {isa = PBXBuildFile; fileRef = 22C0B4CF2516DE53003E555F /* LaunchScreen.storyboard */; };
		3221E0858D7DEFCE9EE3F806 /* Pods_GitTrendyModel.framework in Frameworks */ = {isa = PBXBuildFile; fileRef = 7AC85BCF36994F75881963AE /* Pods_GitTrendyModel.framework */; };
		4C81B7BD70D259C6C830D785 /* Pods_GitTrendyModel_GitTrendyModelTests.framework in Frameworks */ = {isa = PBXBuildFile; fileRef = CA5332362ACE71C4E312BE35 /* Pods_GitTrendyModel_GitTrendyModelTests.framework */; };
		73CA0E335D9BF3931C7098CB /* Pods_GitTrendy.framework in Frameworks */ = {isa = PBXBuildFile; fileRef = BDCCE32B1C5A9F156F44C303 /* Pods_GitTrendy.framework */; };
		C75E830E209D160FF2607596 /* Pods_GitTrendyUIKit.framework in Frameworks */ = {isa = PBXBuildFile; fileRef = A1AEFC2879D6ACA762CCF314 /* Pods_GitTrendyUIKit.framework */; };
/* End PBXBuildFile section */

/* Begin PBXContainerItemProxy section */
		2209BE9125153902004CB29F /* PBXContainerItemProxy */ = {
			isa = PBXContainerItemProxy;
			containerPortal = 2209BE232515384A004CB29F /* Project object */;
			proxyType = 1;
			remoteGlobalIDString = 2209BE8625153902004CB29F;
			remoteInfo = GitTrendyModel;
		};
		2209BE9325153902004CB29F /* PBXContainerItemProxy */ = {
			isa = PBXContainerItemProxy;
			containerPortal = 2209BE232515384A004CB29F /* Project object */;
			proxyType = 1;
			remoteGlobalIDString = 2209BE2A2515384A004CB29F;
			remoteInfo = GitTrendy;
		};
		2209BE9A25153902004CB29F /* PBXContainerItemProxy */ = {
			isa = PBXContainerItemProxy;
			containerPortal = 2209BE232515384A004CB29F /* Project object */;
			proxyType = 1;
			remoteGlobalIDString = 2209BE8625153902004CB29F;
			remoteInfo = GitTrendyModel;
		};
		226873542517C21700038536 /* PBXContainerItemProxy */ = {
			isa = PBXContainerItemProxy;
			containerPortal = 2209BE232515384A004CB29F /* Project object */;
			proxyType = 1;
			remoteGlobalIDString = 2209BE8625153902004CB29F;
			remoteInfo = GitTrendyModel;
		};
/* End PBXContainerItemProxy section */

/* Begin PBXCopyFilesBuildPhase section */
		2209BEA125153902004CB29F /* Embed Frameworks */ = {
			isa = PBXCopyFilesBuildPhase;
			buildActionMask = 2147483647;
			dstPath = "";
			dstSubfolderSpec = 10;
			files = (
				2209BE9D25153902004CB29F /* GitTrendyModel.framework in Embed Frameworks */,
			);
			name = "Embed Frameworks";
			runOnlyForDeploymentPostprocessing = 0;
		};
		226873562517C21700038536 /* Embed Frameworks */ = {
			isa = PBXCopyFilesBuildPhase;
			buildActionMask = 2147483647;
			dstPath = "";
			dstSubfolderSpec = 10;
			files = (
				226873532517C21700038536 /* GitTrendyModel.framework in Embed Frameworks */,
			);
			name = "Embed Frameworks";
			runOnlyForDeploymentPostprocessing = 0;
		};
/* End PBXCopyFilesBuildPhase section */

/* Begin PBXFileReference section */
		2209BE2B2515384A004CB29F /* GitTrendy.app */ = {isa = PBXFileReference; explicitFileType = wrapper.application; includeInIndex = 0; path = GitTrendy.app; sourceTree = BUILT_PRODUCTS_DIR; };
		2209BE302515384A004CB29F /* RepositoriesView.swift */ = {isa = PBXFileReference; lastKnownFileType = sourcecode.swift; path = RepositoriesView.swift; sourceTree = "<group>"; };
		2209BE322515384C004CB29F /* Assets.xcassets */ = {isa = PBXFileReference; lastKnownFileType = folder.assetcatalog; path = Assets.xcassets; sourceTree = "<group>"; };
		2209BE352515384C004CB29F /* Preview Assets.xcassets */ = {isa = PBXFileReference; lastKnownFileType = folder.assetcatalog; path = "Preview Assets.xcassets"; sourceTree = "<group>"; };
		2209BE372515384C004CB29F /* Info.plist */ = {isa = PBXFileReference; lastKnownFileType = text.plist.xml; path = Info.plist; sourceTree = "<group>"; };
		2209BE8725153902004CB29F /* GitTrendyModel.framework */ = {isa = PBXFileReference; explicitFileType = wrapper.framework; includeInIndex = 0; path = GitTrendyModel.framework; sourceTree = BUILT_PRODUCTS_DIR; };
		2209BE8925153902004CB29F /* GitTrendyModel.h */ = {isa = PBXFileReference; lastKnownFileType = sourcecode.c.h; path = GitTrendyModel.h; sourceTree = "<group>"; };
		2209BE8A25153902004CB29F /* Info.plist */ = {isa = PBXFileReference; lastKnownFileType = text.plist.xml; path = Info.plist; sourceTree = "<group>"; };
		2209BE8F25153902004CB29F /* GitTrendyModelTests.xctest */ = {isa = PBXFileReference; explicitFileType = wrapper.cfbundle; includeInIndex = 0; path = GitTrendyModelTests.xctest; sourceTree = BUILT_PRODUCTS_DIR; };
		2209BE9625153902004CB29F /* GitTrendyModelTests.swift */ = {isa = PBXFileReference; lastKnownFileType = sourcecode.swift; path = GitTrendyModelTests.swift; sourceTree = "<group>"; };
		2209BE9825153902004CB29F /* Info.plist */ = {isa = PBXFileReference; lastKnownFileType = text.plist.xml; path = Info.plist; sourceTree = "<group>"; };
		2209BEAE251539A2004CB29F /* URLSession+extension.swift */ = {isa = PBXFileReference; lastKnownFileType = sourcecode.swift; path = "URLSession+extension.swift"; sourceTree = "<group>"; };
		2209BEB625153AEE004CB29F /* Constants.swift */ = {isa = PBXFileReference; lastKnownFileType = sourcecode.swift; path = Constants.swift; sourceTree = "<group>"; };
		2209BEC125153FFD004CB29F /* GitHubRepository.swift */ = {isa = PBXFileReference; lastKnownFileType = sourcecode.swift; path = GitHubRepository.swift; sourceTree = "<group>"; };
		2209BED3251542D8004CB29F /* GitHubUser.swift */ = {isa = PBXFileReference; lastKnownFileType = sourcecode.swift; path = GitHubUser.swift; sourceTree = "<group>"; };
		2209BED925154334004CB29F /* GithubSearchResponse.swift */ = {isa = PBXFileReference; lastKnownFileType = sourcecode.swift; path = GithubSearchResponse.swift; sourceTree = "<group>"; };
		2209BEE3251545A1004CB29F /* RepositoryContentResponse.swift */ = {isa = PBXFileReference; lastKnownFileType = sourcecode.swift; path = RepositoryContentResponse.swift; sourceTree = "<group>"; };
		2209BEF025154A4B004CB29F /* APICall.swift */ = {isa = PBXFileReference; fileEncoding = 4; lastKnownFileType = sourcecode.swift; path = APICall.swift; sourceTree = "<group>"; };
		2209BEF125154A4B004CB29F /* WebRepository.swift */ = {isa = PBXFileReference; fileEncoding = 4; lastKnownFileType = sourcecode.swift; path = WebRepository.swift; sourceTree = "<group>"; };
		2209BEF225154A4B004CB29F /* NetworkingHelpers.swift */ = {isa = PBXFileReference; fileEncoding = 4; lastKnownFileType = sourcecode.swift; path = NetworkingHelpers.swift; sourceTree = "<group>"; };
		2209BEFC25154AF7004CB29F /* GithubAPI.swift */ = {isa = PBXFileReference; lastKnownFileType = sourcecode.swift; path = GithubAPI.swift; sourceTree = "<group>"; };
		2209BF0725154BAD004CB29F /* FakeGithubAPI.swift */ = {isa = PBXFileReference; lastKnownFileType = sourcecode.swift; path = FakeGithubAPI.swift; sourceTree = "<group>"; };
		2209BF1125154C46004CB29F /* GithubAPIImplementation.swift */ = {isa = PBXFileReference; lastKnownFileType = sourcecode.swift; path = GithubAPIImplementation.swift; sourceTree = "<group>"; };
		2209BF18251550FC004CB29F /* GithubRepositoriesViewModel.swift */ = {isa = PBXFileReference; lastKnownFileType = sourcecode.swift; path = GithubRepositoriesViewModel.swift; sourceTree = "<group>"; };
		2209BF262515512C004CB29F /* GithubRepositoryDetailsViewModel.swift */ = {isa = PBXFileReference; lastKnownFileType = sourcecode.swift; path = GithubRepositoryDetailsViewModel.swift; sourceTree = "<group>"; };
		2209BF2D25155D14004CB29F /* Message.swift */ = {isa = PBXFileReference; lastKnownFileType = sourcecode.swift; path = Message.swift; sourceTree = "<group>"; };
		2209BF4025156E60004CB29F /* SearchBar.swift */ = {isa = PBXFileReference; lastKnownFileType = sourcecode.swift; path = SearchBar.swift; sourceTree = "<group>"; };
		2209BF4C251576E0004CB29F /* Formatter.swift */ = {isa = PBXFileReference; lastKnownFileType = sourcecode.swift; path = Formatter.swift; sourceTree = "<group>"; };
		2209BF5725157F95004CB29F /* RepositoryRow.swift */ = {isa = PBXFileReference; lastKnownFileType = sourcecode.swift; path = RepositoryRow.swift; sourceTree = "<group>"; };
		2209BF6225157FEA004CB29F /* RootView.swift */ = {isa = PBXFileReference; lastKnownFileType = sourcecode.swift; path = RootView.swift; sourceTree = "<group>"; };
		2209BF7125158615004CB29F /* RepositoryDetails.swift */ = {isa = PBXFileReference; lastKnownFileType = sourcecode.swift; path = RepositoryDetails.swift; sourceTree = "<group>"; };
		2268730E25175BC300038536 /* UIViewController+Alerts.swift */ = {isa = PBXFileReference; fileEncoding = 4; lastKnownFileType = sourcecode.swift; path = "UIViewController+Alerts.swift"; sourceTree = "<group>"; };
		2268731425175C2000038536 /* RepositoryCell.swift */ = {isa = PBXFileReference; lastKnownFileType = sourcecode.swift; path = RepositoryCell.swift; sourceTree = "<group>"; };
		2268731C25175E9300038536 /* Assets.xcassets */ = {isa = PBXFileReference; lastKnownFileType = folder.assetcatalog; name = Assets.xcassets; path = GitTrendy/Assets.xcassets; sourceTree = SOURCE_ROOT; };
		2268733A2517726500038536 /* RepositoryDetails.swift */ = {isa = PBXFileReference; lastKnownFileType = sourcecode.swift; path = RepositoryDetails.swift; sourceTree = "<group>"; };
		22687345251780B800038536 /* RepositoryContentView.swift */ = {isa = PBXFileReference; fileEncoding = 4; lastKnownFileType = sourcecode.swift; path = RepositoryContentView.swift; sourceTree = "<group>"; };
		22687346251780B800038536 /* RepositoryScrollView.swift */ = {isa = PBXFileReference; fileEncoding = 4; lastKnownFileType = sourcecode.swift; path = RepositoryScrollView.swift; sourceTree = "<group>"; };
		2268735A2517C75D00038536 /* SearchBarContainer.swift */ = {isa = PBXFileReference; lastKnownFileType = sourcecode.swift; path = SearchBarContainer.swift; sourceTree = "<group>"; };
		22C0B44F251640E3003E555F /* TextView.swift */ = {isa = PBXFileReference; lastKnownFileType = sourcecode.swift; path = TextView.swift; sourceTree = "<group>"; };
		22C0B4582516629D003E555F /* RepositoriesViewModelFactory.swift */ = {isa = PBXFileReference; lastKnownFileType = sourcecode.swift; path = RepositoriesViewModelFactory.swift; sourceTree = "<group>"; };
		22C0B46E25167834003E555F /* URLImage.swift */ = {isa = PBXFileReference; lastKnownFileType = sourcecode.swift; path = URLImage.swift; sourceTree = "<group>"; };
		22C0B474251678B5003E555F /* ImageLoader.swift */ = {isa = PBXFileReference; lastKnownFileType = sourcecode.swift; path = ImageLoader.swift; sourceTree = "<group>"; };
		22C0B47B251679C5003E555F /* View+loading.swift */ = {isa = PBXFileReference; lastKnownFileType = sourcecode.swift; path = "View+loading.swift"; sourceTree = "<group>"; };
		22C0B48525167A12003E555F /* LoadingView.swift */ = {isa = PBXFileReference; fileEncoding = 4; lastKnownFileType = sourcecode.swift; path = LoadingView.swift; sourceTree = "<group>"; };
		22C0B48F2516BDE3003E555F /* KeyboardFollower.swift */ = {isa = PBXFileReference; fileEncoding = 4; lastKnownFileType = sourcecode.swift; path = KeyboardFollower.swift; sourceTree = "<group>"; };
		22C0B4952516BE05003E555F /* UIResponder+Additions.swift */ = {isa = PBXFileReference; fileEncoding = 4; lastKnownFileType = sourcecode.swift; path = "UIResponder+Additions.swift"; sourceTree = "<group>"; };
		22C0B49B2516BE40003E555F /* ToolBar.swift */ = {isa = PBXFileReference; fileEncoding = 4; lastKnownFileType = sourcecode.swift; path = ToolBar.swift; sourceTree = "<group>"; };
		22C0B4AD2516CC60003E555F /* AppDelegate.swift */ = {isa = PBXFileReference; fileEncoding = 4; lastKnownFileType = sourcecode.swift; path = AppDelegate.swift; sourceTree = "<group>"; };
		22C0B4AE2516CC60003E555F /* SceneDelegate.swift */ = {isa = PBXFileReference; fileEncoding = 4; lastKnownFileType = sourcecode.swift; path = SceneDelegate.swift; sourceTree = "<group>"; };
		22C0B4C22516DE52003E555F /* GitTrendyUIKit.app */ = {isa = PBXFileReference; explicitFileType = wrapper.application; includeInIndex = 0; path = GitTrendyUIKit.app; sourceTree = BUILT_PRODUCTS_DIR; };
		22C0B4C42516DE52003E555F /* AppDelegate.swift */ = {isa = PBXFileReference; lastKnownFileType = sourcecode.swift; path = AppDelegate.swift; sourceTree = "<group>"; };
		22C0B4C62516DE52003E555F /* SceneDelegate.swift */ = {isa = PBXFileReference; lastKnownFileType = sourcecode.swift; path = SceneDelegate.swift; sourceTree = "<group>"; };
		22C0B4C82516DE52003E555F /* RepositoriesViewController.swift */ = {isa = PBXFileReference; lastKnownFileType = sourcecode.swift; path = RepositoriesViewController.swift; sourceTree = "<group>"; };
		22C0B4D02516DE53003E555F /* Base */ = {isa = PBXFileReference; lastKnownFileType = file.storyboard; name = Base; path = Base.lproj/LaunchScreen.storyboard; sourceTree = "<group>"; };
		22C0B4D22516DE53003E555F /* Info.plist */ = {isa = PBXFileReference; lastKnownFileType = text.plist.xml; path = Info.plist; sourceTree = "<group>"; };
		27CF44EBB9CBB729F21D738D /* Pods-GitTrendyUIKit.release.xcconfig */ = {isa = PBXFileReference; includeInIndex = 1; lastKnownFileType = text.xcconfig; name = "Pods-GitTrendyUIKit.release.xcconfig"; path = "Target Support Files/Pods-GitTrendyUIKit/Pods-GitTrendyUIKit.release.xcconfig"; sourceTree = "<group>"; };
		34E6F4974EF2CF719EC9A64C /* Pods-GitTrendy.debug.xcconfig */ = {isa = PBXFileReference; includeInIndex = 1; lastKnownFileType = text.xcconfig; name = "Pods-GitTrendy.debug.xcconfig"; path = "Target Support Files/Pods-GitTrendy/Pods-GitTrendy.debug.xcconfig"; sourceTree = "<group>"; };
		3C819AD90627D968C996BB02 /* Pods-GitTrendyTests.release.xcconfig */ = {isa = PBXFileReference; includeInIndex = 1; lastKnownFileType = text.xcconfig; name = "Pods-GitTrendyTests.release.xcconfig"; path = "Target Support Files/Pods-GitTrendyTests/Pods-GitTrendyTests.release.xcconfig"; sourceTree = "<group>"; };
		4E74380B5DECC8D29793D91A /* Pods-GitTrendyModel.debug.xcconfig */ = {isa = PBXFileReference; includeInIndex = 1; lastKnownFileType = text.xcconfig; name = "Pods-GitTrendyModel.debug.xcconfig"; path = "Target Support Files/Pods-GitTrendyModel/Pods-GitTrendyModel.debug.xcconfig"; sourceTree = "<group>"; };
		5B6C4EFCA97F67E580EA6565 /* Pods_GitTrendy_GitTrendyUITests.framework */ = {isa = PBXFileReference; explicitFileType = wrapper.framework; includeInIndex = 0; path = Pods_GitTrendy_GitTrendyUITests.framework; sourceTree = BUILT_PRODUCTS_DIR; };
		5E5D591DA857E322E9616E2C /* Pods-GitTrendy-GitTrendyUITests.release.xcconfig */ = {isa = PBXFileReference; includeInIndex = 1; lastKnownFileType = text.xcconfig; name = "Pods-GitTrendy-GitTrendyUITests.release.xcconfig"; path = "Target Support Files/Pods-GitTrendy-GitTrendyUITests/Pods-GitTrendy-GitTrendyUITests.release.xcconfig"; sourceTree = "<group>"; };
		602DA0D100A4551FD79FFC3D /* Pods-GitTrendyModel-GitTrendyModelTests.debug.xcconfig */ = {isa = PBXFileReference; includeInIndex = 1; lastKnownFileType = text.xcconfig; name = "Pods-GitTrendyModel-GitTrendyModelTests.debug.xcconfig"; path = "Target Support Files/Pods-GitTrendyModel-GitTrendyModelTests/Pods-GitTrendyModel-GitTrendyModelTests.debug.xcconfig"; sourceTree = "<group>"; };
		70D495304DA6D898AFF5A686 /* Pods-GitTrendy.release.xcconfig */ = {isa = PBXFileReference; includeInIndex = 1; lastKnownFileType = text.xcconfig; name = "Pods-GitTrendy.release.xcconfig"; path = "Target Support Files/Pods-GitTrendy/Pods-GitTrendy.release.xcconfig"; sourceTree = "<group>"; };
		7AC85BCF36994F75881963AE /* Pods_GitTrendyModel.framework */ = {isa = PBXFileReference; explicitFileType = wrapper.framework; includeInIndex = 0; path = Pods_GitTrendyModel.framework; sourceTree = BUILT_PRODUCTS_DIR; };
		7C678006FD8055EC75BC5C48 /* Pods-GitTrendyTests.debug.xcconfig */ = {isa = PBXFileReference; includeInIndex = 1; lastKnownFileType = text.xcconfig; name = "Pods-GitTrendyTests.debug.xcconfig"; path = "Target Support Files/Pods-GitTrendyTests/Pods-GitTrendyTests.debug.xcconfig"; sourceTree = "<group>"; };
		A1AEFC2879D6ACA762CCF314 /* Pods_GitTrendyUIKit.framework */ = {isa = PBXFileReference; explicitFileType = wrapper.framework; includeInIndex = 0; path = Pods_GitTrendyUIKit.framework; sourceTree = BUILT_PRODUCTS_DIR; };
		B79E0B2E285BF5EC2EA45119 /* Pods-GitTrendyUIKit.debug.xcconfig */ = {isa = PBXFileReference; includeInIndex = 1; lastKnownFileType = text.xcconfig; name = "Pods-GitTrendyUIKit.debug.xcconfig"; path = "Target Support Files/Pods-GitTrendyUIKit/Pods-GitTrendyUIKit.debug.xcconfig"; sourceTree = "<group>"; };
		BDCCE32B1C5A9F156F44C303 /* Pods_GitTrendy.framework */ = {isa = PBXFileReference; explicitFileType = wrapper.framework; includeInIndex = 0; path = Pods_GitTrendy.framework; sourceTree = BUILT_PRODUCTS_DIR; };
		C5A38CF861FC710F984FF96D /* Pods_GitTrendyTests.framework */ = {isa = PBXFileReference; explicitFileType = wrapper.framework; includeInIndex = 0; path = Pods_GitTrendyTests.framework; sourceTree = BUILT_PRODUCTS_DIR; };
		CA5332362ACE71C4E312BE35 /* Pods_GitTrendyModel_GitTrendyModelTests.framework */ = {isa = PBXFileReference; explicitFileType = wrapper.framework; includeInIndex = 0; path = Pods_GitTrendyModel_GitTrendyModelTests.framework; sourceTree = BUILT_PRODUCTS_DIR; };
		CFA94F91C5CDA79386CC316F /* Pods-GitTrendy-GitTrendyUITests.debug.xcconfig */ = {isa = PBXFileReference; includeInIndex = 1; lastKnownFileType = text.xcconfig; name = "Pods-GitTrendy-GitTrendyUITests.debug.xcconfig"; path = "Target Support Files/Pods-GitTrendy-GitTrendyUITests/Pods-GitTrendy-GitTrendyUITests.debug.xcconfig"; sourceTree = "<group>"; };
		D2C92515EC753BA58635E91C /* Pods-GitTrendyModel.release.xcconfig */ = {isa = PBXFileReference; includeInIndex = 1; lastKnownFileType = text.xcconfig; name = "Pods-GitTrendyModel.release.xcconfig"; path = "Target Support Files/Pods-GitTrendyModel/Pods-GitTrendyModel.release.xcconfig"; sourceTree = "<group>"; };
		FB1322B4339CC6BDFDC6ADC0 /* Pods-GitTrendyModel-GitTrendyModelTests.release.xcconfig */ = {isa = PBXFileReference; includeInIndex = 1; lastKnownFileType = text.xcconfig; name = "Pods-GitTrendyModel-GitTrendyModelTests.release.xcconfig"; path = "Target Support Files/Pods-GitTrendyModel-GitTrendyModelTests/Pods-GitTrendyModel-GitTrendyModelTests.release.xcconfig"; sourceTree = "<group>"; };
/* End PBXFileReference section */

/* Begin PBXFrameworksBuildPhase section */
		2209BE282515384A004CB29F /* Frameworks */ = {
			isa = PBXFrameworksBuildPhase;
			buildActionMask = 2147483647;
			files = (
				2209BE9C25153902004CB29F /* GitTrendyModel.framework in Frameworks */,
				73CA0E335D9BF3931C7098CB /* Pods_GitTrendy.framework in Frameworks */,
			);
			runOnlyForDeploymentPostprocessing = 0;
		};
		2209BE8425153902004CB29F /* Frameworks */ = {
			isa = PBXFrameworksBuildPhase;
			buildActionMask = 2147483647;
			files = (
				3221E0858D7DEFCE9EE3F806 /* Pods_GitTrendyModel.framework in Frameworks */,
			);
			runOnlyForDeploymentPostprocessing = 0;
		};
		2209BE8C25153902004CB29F /* Frameworks */ = {
			isa = PBXFrameworksBuildPhase;
			buildActionMask = 2147483647;
			files = (
				2209BE9025153902004CB29F /* GitTrendyModel.framework in Frameworks */,
				4C81B7BD70D259C6C830D785 /* Pods_GitTrendyModel_GitTrendyModelTests.framework in Frameworks */,
			);
			runOnlyForDeploymentPostprocessing = 0;
		};
		22C0B4BF2516DE52003E555F /* Frameworks */ = {
			isa = PBXFrameworksBuildPhase;
			buildActionMask = 2147483647;
			files = (
				C75E830E209D160FF2607596 /* Pods_GitTrendyUIKit.framework in Frameworks */,
				226873522517C21700038536 /* GitTrendyModel.framework in Frameworks */,
			);
			runOnlyForDeploymentPostprocessing = 0;
		};
/* End PBXFrameworksBuildPhase section */

/* Begin PBXGroup section */
		2209BE222515384A004CB29F = {
			isa = PBXGroup;
			children = (
				22C0B4C32516DE52003E555F /* GitTrendyUIKit */,
				2209BE2D2515384A004CB29F /* GitTrendy */,
				2209BE8825153902004CB29F /* GitTrendyModel */,
				2209BE9525153902004CB29F /* GitTrendyModelTests */,
				2209BE2C2515384A004CB29F /* Products */,
				5D31CD5E9D0E074AEB4B2450 /* Pods */,
				4E698B12D98E3ADB95339585 /* Frameworks */,
			);
			sourceTree = "<group>";
		};
		2209BE2C2515384A004CB29F /* Products */ = {
			isa = PBXGroup;
			children = (
				2209BE2B2515384A004CB29F /* GitTrendy.app */,
				2209BE8725153902004CB29F /* GitTrendyModel.framework */,
				2209BE8F25153902004CB29F /* GitTrendyModelTests.xctest */,
				22C0B4C22516DE52003E555F /* GitTrendyUIKit.app */,
			);
			name = Products;
			sourceTree = "<group>";
		};
		2209BE2D2515384A004CB29F /* GitTrendy */ = {
			isa = PBXGroup;
			children = (
				22C0B47A251679B0003E555F /* Extensions */,
				2209BF7025158602004CB29F /* RepositoryDetails */,
				2209BF6125157FB6004CB29F /* RepositoryList */,
				2209BF3F25156E52004CB29F /* Helpers */,
				2209BF6225157FEA004CB29F /* RootView.swift */,
				22C0B4AD2516CC60003E555F /* AppDelegate.swift */,
				22C0B4AE2516CC60003E555F /* SceneDelegate.swift */,
				2209BE322515384C004CB29F /* Assets.xcassets */,
				2209BE372515384C004CB29F /* Info.plist */,
				2209BE342515384C004CB29F /* Preview Content */,
			);
			path = GitTrendy;
			sourceTree = "<group>";
		};
		2209BE342515384C004CB29F /* Preview Content */ = {
			isa = PBXGroup;
			children = (
				2209BE352515384C004CB29F /* Preview Assets.xcassets */,
			);
			path = "Preview Content";
			sourceTree = "<group>";
		};
		2209BE8825153902004CB29F /* GitTrendyModel */ = {
			isa = PBXGroup;
			children = (
				2209BF4B251576D1004CB29F /* Utils */,
				2209BF17251550D0004CB29F /* ViewModel */,
				2209BEEF25154A4B004CB29F /* Services */,
				2209BEEE25154A18004CB29F /* API */,
				2209BEB525153AD4004CB29F /* Constants */,
				2209BEB425153A09004CB29F /* Model */,
				2209BEAD25153987004CB29F /* Extensions */,
				2209BE8925153902004CB29F /* GitTrendyModel.h */,
				2209BE8A25153902004CB29F /* Info.plist */,
				22C0B4582516629D003E555F /* RepositoriesViewModelFactory.swift */,
			);
			path = GitTrendyModel;
			sourceTree = "<group>";
		};
		2209BE9525153902004CB29F /* GitTrendyModelTests */ = {
			isa = PBXGroup;
			children = (
				2209BE9625153902004CB29F /* GitTrendyModelTests.swift */,
				2209BE9825153902004CB29F /* Info.plist */,
			);
			path = GitTrendyModelTests;
			sourceTree = "<group>";
		};
		2209BEAD25153987004CB29F /* Extensions */ = {
			isa = PBXGroup;
			children = (
				2209BEAE251539A2004CB29F /* URLSession+extension.swift */,
			);
			path = Extensions;
			sourceTree = "<group>";
		};
		2209BEB425153A09004CB29F /* Model */ = {
			isa = PBXGroup;
			children = (
				2209BEC125153FFD004CB29F /* GitHubRepository.swift */,
				2209BED3251542D8004CB29F /* GitHubUser.swift */,
				2209BED925154334004CB29F /* GithubSearchResponse.swift */,
				2209BEE3251545A1004CB29F /* RepositoryContentResponse.swift */,
				2209BF2D25155D14004CB29F /* Message.swift */,
			);
			path = Model;
			sourceTree = "<group>";
		};
		2209BEB525153AD4004CB29F /* Constants */ = {
			isa = PBXGroup;
			children = (
				2209BEB625153AEE004CB29F /* Constants.swift */,
			);
			path = Constants;
			sourceTree = "<group>";
		};
		2209BEEE25154A18004CB29F /* API */ = {
			isa = PBXGroup;
			children = (
				2209BEFA25154AAA004CB29F /* Github */,
				22C0B474251678B5003E555F /* ImageLoader.swift */,
			);
			path = API;
			sourceTree = "<group>";
		};
		2209BEEF25154A4B004CB29F /* Services */ = {
			isa = PBXGroup;
			children = (
				2209BEF025154A4B004CB29F /* APICall.swift */,
				2209BEF125154A4B004CB29F /* WebRepository.swift */,
				2209BEF225154A4B004CB29F /* NetworkingHelpers.swift */,
			);
			path = Services;
			sourceTree = "<group>";
		};
		2209BEFA25154AAA004CB29F /* Github */ = {
			isa = PBXGroup;
			children = (
				2209BEFB25154AE7004CB29F /* Implementation */,
				2209BEFC25154AF7004CB29F /* GithubAPI.swift */,
			);
			path = Github;
			sourceTree = "<group>";
		};
		2209BEFB25154AE7004CB29F /* Implementation */ = {
			isa = PBXGroup;
			children = (
				2209BF0725154BAD004CB29F /* FakeGithubAPI.swift */,
				2209BF1125154C46004CB29F /* GithubAPIImplementation.swift */,
			);
			path = Implementation;
			sourceTree = "<group>";
		};
		2209BF17251550D0004CB29F /* ViewModel */ = {
			isa = PBXGroup;
			children = (
				2209BF18251550FC004CB29F /* GithubRepositoriesViewModel.swift */,
				2209BF262515512C004CB29F /* GithubRepositoryDetailsViewModel.swift */,
			);
			path = ViewModel;
			sourceTree = "<group>";
		};
		2209BF3F25156E52004CB29F /* Helpers */ = {
			isa = PBXGroup;
			children = (
				22C0B48F2516BDE3003E555F /* KeyboardFollower.swift */,
				22C0B48525167A12003E555F /* LoadingView.swift */,
				22C0B49B2516BE40003E555F /* ToolBar.swift */,
				22C0B44F251640E3003E555F /* TextView.swift */,
				22C0B46E25167834003E555F /* URLImage.swift */,
			);
			path = Helpers;
			sourceTree = "<group>";
		};
		2209BF4B251576D1004CB29F /* Utils */ = {
			isa = PBXGroup;
			children = (
				2209BF4C251576E0004CB29F /* Formatter.swift */,
			);
			path = Utils;
			sourceTree = "<group>";
		};
		2209BF6125157FB6004CB29F /* RepositoryList */ = {
			isa = PBXGroup;
			children = (
				2209BF4025156E60004CB29F /* SearchBar.swift */,
				2209BE302515384A004CB29F /* RepositoriesView.swift */,
				2209BF5725157F95004CB29F /* RepositoryRow.swift */,
			);
			path = RepositoryList;
			sourceTree = "<group>";
		};
		2209BF7025158602004CB29F /* RepositoryDetails */ = {
			isa = PBXGroup;
			children = (
				2209BF7125158615004CB29F /* RepositoryDetails.swift */,
			);
			path = RepositoryDetails;
			sourceTree = "<group>";
		};
		2268730D25175BC300038536 /* Extensions */ = {
			isa = PBXGroup;
			children = (
				2268730E25175BC300038536 /* UIViewController+Alerts.swift */,
			);
			path = Extensions;
			sourceTree = "<group>";
		};
		2268731325175BEE00038536 /* Cells */ = {
			isa = PBXGroup;
			children = (
				2268731425175C2000038536 /* RepositoryCell.swift */,
			);
			path = Cells;
			sourceTree = "<group>";
		};
		226873392517720D00038536 /* RepositoryDetails */ = {
			isa = PBXGroup;
			children = (
				22687345251780B800038536 /* RepositoryContentView.swift */,
				22687346251780B800038536 /* RepositoryScrollView.swift */,
				2268733A2517726500038536 /* RepositoryDetails.swift */,
			);
			path = RepositoryDetails;
			sourceTree = "<group>";
		};
		226873592517C73A00038536 /* Helpers */ = {
			isa = PBXGroup;
			children = (
				2268735A2517C75D00038536 /* SearchBarContainer.swift */,
			);
			path = Helpers;
			sourceTree = "<group>";
		};
		22C0B47A251679B0003E555F /* Extensions */ = {
			isa = PBXGroup;
			children = (
				22C0B4952516BE05003E555F /* UIResponder+Additions.swift */,
				22C0B47B251679C5003E555F /* View+loading.swift */,
			);
			path = Extensions;
			sourceTree = "<group>";
		};
		22C0B4C32516DE52003E555F /* GitTrendyUIKit */ = {
			isa = PBXGroup;
			children = (
				226873592517C73A00038536 /* Helpers */,
				226873392517720D00038536 /* RepositoryDetails */,
				2268731325175BEE00038536 /* Cells */,
				2268730D25175BC300038536 /* Extensions */,
				22C0B4C42516DE52003E555F /* AppDelegate.swift */,
				22C0B4C62516DE52003E555F /* SceneDelegate.swift */,
				22C0B4C82516DE52003E555F /* RepositoriesViewController.swift */,
				2268731C25175E9300038536 /* Assets.xcassets */,
				22C0B4CF2516DE53003E555F /* LaunchScreen.storyboard */,
				22C0B4D22516DE53003E555F /* Info.plist */,
			);
			path = GitTrendyUIKit;
			sourceTree = "<group>";
		};
		4E698B12D98E3ADB95339585 /* Frameworks */ = {
			isa = PBXGroup;
			children = (
				BDCCE32B1C5A9F156F44C303 /* Pods_GitTrendy.framework */,
				5B6C4EFCA97F67E580EA6565 /* Pods_GitTrendy_GitTrendyUITests.framework */,
				7AC85BCF36994F75881963AE /* Pods_GitTrendyModel.framework */,
				CA5332362ACE71C4E312BE35 /* Pods_GitTrendyModel_GitTrendyModelTests.framework */,
				C5A38CF861FC710F984FF96D /* Pods_GitTrendyTests.framework */,
				A1AEFC2879D6ACA762CCF314 /* Pods_GitTrendyUIKit.framework */,
			);
			name = Frameworks;
			sourceTree = "<group>";
		};
		5D31CD5E9D0E074AEB4B2450 /* Pods */ = {
			isa = PBXGroup;
			children = (
				34E6F4974EF2CF719EC9A64C /* Pods-GitTrendy.debug.xcconfig */,
				70D495304DA6D898AFF5A686 /* Pods-GitTrendy.release.xcconfig */,
				CFA94F91C5CDA79386CC316F /* Pods-GitTrendy-GitTrendyUITests.debug.xcconfig */,
				5E5D591DA857E322E9616E2C /* Pods-GitTrendy-GitTrendyUITests.release.xcconfig */,
				4E74380B5DECC8D29793D91A /* Pods-GitTrendyModel.debug.xcconfig */,
				D2C92515EC753BA58635E91C /* Pods-GitTrendyModel.release.xcconfig */,
				602DA0D100A4551FD79FFC3D /* Pods-GitTrendyModel-GitTrendyModelTests.debug.xcconfig */,
				FB1322B4339CC6BDFDC6ADC0 /* Pods-GitTrendyModel-GitTrendyModelTests.release.xcconfig */,
				7C678006FD8055EC75BC5C48 /* Pods-GitTrendyTests.debug.xcconfig */,
				3C819AD90627D968C996BB02 /* Pods-GitTrendyTests.release.xcconfig */,
				B79E0B2E285BF5EC2EA45119 /* Pods-GitTrendyUIKit.debug.xcconfig */,
				27CF44EBB9CBB729F21D738D /* Pods-GitTrendyUIKit.release.xcconfig */,
			);
			path = Pods;
			sourceTree = "<group>";
		};
/* End PBXGroup section */

/* Begin PBXHeadersBuildPhase section */
		2209BE8225153902004CB29F /* Headers */ = {
			isa = PBXHeadersBuildPhase;
			buildActionMask = 2147483647;
			files = (
				2209BE9925153902004CB29F /* GitTrendyModel.h in Headers */,
			);
			runOnlyForDeploymentPostprocessing = 0;
		};
/* End PBXHeadersBuildPhase section */

/* Begin PBXNativeTarget section */
		2209BE2A2515384A004CB29F /* GitTrendy */ = {
			isa = PBXNativeTarget;
			buildConfigurationList = 2209BE502515384D004CB29F /* Build configuration list for PBXNativeTarget "GitTrendy" */;
			buildPhases = (
				DD12503D13534B2DBC242389 /* [CP] Check Pods Manifest.lock */,
				2209BE272515384A004CB29F /* Sources */,
				2209BE282515384A004CB29F /* Frameworks */,
				2209BE292515384A004CB29F /* Resources */,
				2209BEA125153902004CB29F /* Embed Frameworks */,
				94F68CBAEDBB2537ED61CC9D /* [CP] Embed Pods Frameworks */,
			);
			buildRules = (
			);
			dependencies = (
				2209BE9B25153902004CB29F /* PBXTargetDependency */,
			);
			name = GitTrendy;
			productName = GitTrendy;
			productReference = 2209BE2B2515384A004CB29F /* GitTrendy.app */;
			productType = "com.apple.product-type.application";
		};
		2209BE8625153902004CB29F /* GitTrendyModel */ = {
			isa = PBXNativeTarget;
			buildConfigurationList = 2209BE9E25153902004CB29F /* Build configuration list for PBXNativeTarget "GitTrendyModel" */;
			buildPhases = (
				55720B2B3CDBFD82A984B31E /* [CP] Check Pods Manifest.lock */,
				2209BE8225153902004CB29F /* Headers */,
				2209BE8325153902004CB29F /* Sources */,
				2209BE8425153902004CB29F /* Frameworks */,
				2209BE8525153902004CB29F /* Resources */,
			);
			buildRules = (
			);
			dependencies = (
			);
			name = GitTrendyModel;
			productName = GitTrendyModel;
			productReference = 2209BE8725153902004CB29F /* GitTrendyModel.framework */;
			productType = "com.apple.product-type.framework";
		};
		2209BE8E25153902004CB29F /* GitTrendyModelTests */ = {
			isa = PBXNativeTarget;
			buildConfigurationList = 2209BEA225153902004CB29F /* Build configuration list for PBXNativeTarget "GitTrendyModelTests" */;
			buildPhases = (
				71D528B731599DE9532F9651 /* [CP] Check Pods Manifest.lock */,
				2209BE8B25153902004CB29F /* Sources */,
				2209BE8C25153902004CB29F /* Frameworks */,
				2209BE8D25153902004CB29F /* Resources */,
			);
			buildRules = (
			);
			dependencies = (
				2209BE9225153902004CB29F /* PBXTargetDependency */,
				2209BE9425153902004CB29F /* PBXTargetDependency */,
			);
			name = GitTrendyModelTests;
			productName = GitTrendyModelTests;
			productReference = 2209BE8F25153902004CB29F /* GitTrendyModelTests.xctest */;
			productType = "com.apple.product-type.bundle.unit-test";
		};
		22C0B4C12516DE52003E555F /* GitTrendyUIKit */ = {
			isa = PBXNativeTarget;
			buildConfigurationList = 22C0B4E92516DE54003E555F /* Build configuration list for PBXNativeTarget "GitTrendyUIKit" */;
			buildPhases = (
				AB8D094D758335A8A7A32EA4 /* [CP] Check Pods Manifest.lock */,
				22C0B4BE2516DE52003E555F /* Sources */,
				22C0B4BF2516DE52003E555F /* Frameworks */,
				22C0B4C02516DE52003E555F /* Resources */,
				272CBBC4EF7F9029CC1AFD40 /* [CP] Embed Pods Frameworks */,
				226873562517C21700038536 /* Embed Frameworks */,
			);
			buildRules = (
			);
			dependencies = (
				226873552517C21700038536 /* PBXTargetDependency */,
			);
			name = GitTrendyUIKit;
			productName = GitTrendyUIKit;
			productReference = 22C0B4C22516DE52003E555F /* GitTrendyUIKit.app */;
			productType = "com.apple.product-type.application";
		};
/* End PBXNativeTarget section */

/* Begin PBXProject section */
		2209BE232515384A004CB29F /* Project object */ = {
			isa = PBXProject;
			attributes = {
				LastSwiftUpdateCheck = 1200;
				LastUpgradeCheck = 1200;
				TargetAttributes = {
					2209BE2A2515384A004CB29F = {
						CreatedOnToolsVersion = 12.0;
					};
					2209BE8625153902004CB29F = {
						CreatedOnToolsVersion = 12.0;
						LastSwiftMigration = 1200;
					};
					2209BE8E25153902004CB29F = {
						CreatedOnToolsVersion = 12.0;
						TestTargetID = 2209BE2A2515384A004CB29F;
					};
					22C0B4C12516DE52003E555F = {
						CreatedOnToolsVersion = 12.0;
					};
				};
			};
			buildConfigurationList = 2209BE262515384A004CB29F /* Build configuration list for PBXProject "GitTrendy" */;
			compatibilityVersion = "Xcode 9.3";
			developmentRegion = en;
			hasScannedForEncodings = 0;
			knownRegions = (
				en,
				Base,
			);
			mainGroup = 2209BE222515384A004CB29F;
			productRefGroup = 2209BE2C2515384A004CB29F /* Products */;
			projectDirPath = "";
			projectRoot = "";
			targets = (
				2209BE2A2515384A004CB29F /* GitTrendy */,
				22C0B4C12516DE52003E555F /* GitTrendyUIKit */,
				2209BE8625153902004CB29F /* GitTrendyModel */,
				2209BE8E25153902004CB29F /* GitTrendyModelTests */,
			);
		};
/* End PBXProject section */

/* Begin PBXResourcesBuildPhase section */
		2209BE292515384A004CB29F /* Resources */ = {
			isa = PBXResourcesBuildPhase;
			buildActionMask = 2147483647;
			files = (
				2209BE362515384C004CB29F /* Preview Assets.xcassets in Resources */,
				2209BE332515384C004CB29F /* Assets.xcassets in Resources */,
			);
			runOnlyForDeploymentPostprocessing = 0;
		};
		2209BE8525153902004CB29F /* Resources */ = {
			isa = PBXResourcesBuildPhase;
			buildActionMask = 2147483647;
			files = (
			);
			runOnlyForDeploymentPostprocessing = 0;
		};
		2209BE8D25153902004CB29F /* Resources */ = {
			isa = PBXResourcesBuildPhase;
			buildActionMask = 2147483647;
			files = (
			);
			runOnlyForDeploymentPostprocessing = 0;
		};
		22C0B4C02516DE52003E555F /* Resources */ = {
			isa = PBXResourcesBuildPhase;
			buildActionMask = 2147483647;
			files = (
				22C0B4D12516DE53003E555F /* LaunchScreen.storyboard in Resources */,
				2268731D25175E9300038536 /* Assets.xcassets in Resources */,
			);
			runOnlyForDeploymentPostprocessing = 0;
		};
/* End PBXResourcesBuildPhase section */

/* Begin PBXShellScriptBuildPhase section */
		272CBBC4EF7F9029CC1AFD40 /* [CP] Embed Pods Frameworks */ = {
			isa = PBXShellScriptBuildPhase;
			buildActionMask = 2147483647;
			files = (
			);
			inputFileListPaths = (
				"${PODS_ROOT}/Target Support Files/Pods-GitTrendyUIKit/Pods-GitTrendyUIKit-frameworks-${CONFIGURATION}-input-files.xcfilelist",
			);
			name = "[CP] Embed Pods Frameworks";
			outputFileListPaths = (
				"${PODS_ROOT}/Target Support Files/Pods-GitTrendyUIKit/Pods-GitTrendyUIKit-frameworks-${CONFIGURATION}-output-files.xcfilelist",
			);
			runOnlyForDeploymentPostprocessing = 0;
			shellPath = /bin/sh;
			shellScript = "\"${PODS_ROOT}/Target Support Files/Pods-GitTrendyUIKit/Pods-GitTrendyUIKit-frameworks.sh\"\n";
			showEnvVarsInLog = 0;
		};
		55720B2B3CDBFD82A984B31E /* [CP] Check Pods Manifest.lock */ = {
			isa = PBXShellScriptBuildPhase;
			buildActionMask = 2147483647;
			files = (
			);
			inputFileListPaths = (
			);
			inputPaths = (
				"${PODS_PODFILE_DIR_PATH}/Podfile.lock",
				"${PODS_ROOT}/Manifest.lock",
			);
			name = "[CP] Check Pods Manifest.lock";
			outputFileListPaths = (
			);
			outputPaths = (
				"$(DERIVED_FILE_DIR)/Pods-GitTrendyModel-checkManifestLockResult.txt",
			);
			runOnlyForDeploymentPostprocessing = 0;
			shellPath = /bin/sh;
			shellScript = "diff \"${PODS_PODFILE_DIR_PATH}/Podfile.lock\" \"${PODS_ROOT}/Manifest.lock\" > /dev/null\nif [ $? != 0 ] ; then\n    # print error to STDERR\n    echo \"error: The sandbox is not in sync with the Podfile.lock. Run 'pod install' or update your CocoaPods installation.\" >&2\n    exit 1\nfi\n# This output is used by Xcode 'outputs' to avoid re-running this script phase.\necho \"SUCCESS\" > \"${SCRIPT_OUTPUT_FILE_0}\"\n";
			showEnvVarsInLog = 0;
		};
		71D528B731599DE9532F9651 /* [CP] Check Pods Manifest.lock */ = {
			isa = PBXShellScriptBuildPhase;
			buildActionMask = 2147483647;
			files = (
			);
			inputFileListPaths = (
			);
			inputPaths = (
				"${PODS_PODFILE_DIR_PATH}/Podfile.lock",
				"${PODS_ROOT}/Manifest.lock",
			);
			name = "[CP] Check Pods Manifest.lock";
			outputFileListPaths = (
			);
			outputPaths = (
				"$(DERIVED_FILE_DIR)/Pods-GitTrendyModel-GitTrendyModelTests-checkManifestLockResult.txt",
			);
			runOnlyForDeploymentPostprocessing = 0;
			shellPath = /bin/sh;
			shellScript = "diff \"${PODS_PODFILE_DIR_PATH}/Podfile.lock\" \"${PODS_ROOT}/Manifest.lock\" > /dev/null\nif [ $? != 0 ] ; then\n    # print error to STDERR\n    echo \"error: The sandbox is not in sync with the Podfile.lock. Run 'pod install' or update your CocoaPods installation.\" >&2\n    exit 1\nfi\n# This output is used by Xcode 'outputs' to avoid re-running this script phase.\necho \"SUCCESS\" > \"${SCRIPT_OUTPUT_FILE_0}\"\n";
			showEnvVarsInLog = 0;
		};
		94F68CBAEDBB2537ED61CC9D /* [CP] Embed Pods Frameworks */ = {
			isa = PBXShellScriptBuildPhase;
			buildActionMask = 2147483647;
			files = (
			);
			inputFileListPaths = (
				"${PODS_ROOT}/Target Support Files/Pods-GitTrendy/Pods-GitTrendy-frameworks-${CONFIGURATION}-input-files.xcfilelist",
			);
			name = "[CP] Embed Pods Frameworks";
			outputFileListPaths = (
				"${PODS_ROOT}/Target Support Files/Pods-GitTrendy/Pods-GitTrendy-frameworks-${CONFIGURATION}-output-files.xcfilelist",
			);
			runOnlyForDeploymentPostprocessing = 0;
			shellPath = /bin/sh;
			shellScript = "\"${PODS_ROOT}/Target Support Files/Pods-GitTrendy/Pods-GitTrendy-frameworks.sh\"\n";
			showEnvVarsInLog = 0;
		};
		AB8D094D758335A8A7A32EA4 /* [CP] Check Pods Manifest.lock */ = {
			isa = PBXShellScriptBuildPhase;
			buildActionMask = 2147483647;
			files = (
			);
			inputFileListPaths = (
			);
			inputPaths = (
				"${PODS_PODFILE_DIR_PATH}/Podfile.lock",
				"${PODS_ROOT}/Manifest.lock",
			);
			name = "[CP] Check Pods Manifest.lock";
			outputFileListPaths = (
			);
			outputPaths = (
				"$(DERIVED_FILE_DIR)/Pods-GitTrendyUIKit-checkManifestLockResult.txt",
			);
			runOnlyForDeploymentPostprocessing = 0;
			shellPath = /bin/sh;
			shellScript = "diff \"${PODS_PODFILE_DIR_PATH}/Podfile.lock\" \"${PODS_ROOT}/Manifest.lock\" > /dev/null\nif [ $? != 0 ] ; then\n    # print error to STDERR\n    echo \"error: The sandbox is not in sync with the Podfile.lock. Run 'pod install' or update your CocoaPods installation.\" >&2\n    exit 1\nfi\n# This output is used by Xcode 'outputs' to avoid re-running this script phase.\necho \"SUCCESS\" > \"${SCRIPT_OUTPUT_FILE_0}\"\n";
			showEnvVarsInLog = 0;
		};
		DD12503D13534B2DBC242389 /* [CP] Check Pods Manifest.lock */ = {
			isa = PBXShellScriptBuildPhase;
			buildActionMask = 2147483647;
			files = (
			);
			inputFileListPaths = (
			);
			inputPaths = (
				"${PODS_PODFILE_DIR_PATH}/Podfile.lock",
				"${PODS_ROOT}/Manifest.lock",
			);
			name = "[CP] Check Pods Manifest.lock";
			outputFileListPaths = (
			);
			outputPaths = (
				"$(DERIVED_FILE_DIR)/Pods-GitTrendy-checkManifestLockResult.txt",
			);
			runOnlyForDeploymentPostprocessing = 0;
			shellPath = /bin/sh;
			shellScript = "diff \"${PODS_PODFILE_DIR_PATH}/Podfile.lock\" \"${PODS_ROOT}/Manifest.lock\" > /dev/null\nif [ $? != 0 ] ; then\n    # print error to STDERR\n    echo \"error: The sandbox is not in sync with the Podfile.lock. Run 'pod install' or update your CocoaPods installation.\" >&2\n    exit 1\nfi\n# This output is used by Xcode 'outputs' to avoid re-running this script phase.\necho \"SUCCESS\" > \"${SCRIPT_OUTPUT_FILE_0}\"\n";
			showEnvVarsInLog = 0;
		};
/* End PBXShellScriptBuildPhase section */

/* Begin PBXSourcesBuildPhase section */
		2209BE272515384A004CB29F /* Sources */ = {
			isa = PBXSourcesBuildPhase;
			buildActionMask = 2147483647;
			files = (
				2209BE312515384A004CB29F /* RepositoriesView.swift in Sources */,
				22C0B4B02516CC60003E555F /* SceneDelegate.swift in Sources */,
				22C0B4902516BDE3003E555F /* KeyboardFollower.swift in Sources */,
				2209BF7225158615004CB29F /* RepositoryDetails.swift in Sources */,
				22C0B48625167A12003E555F /* LoadingView.swift in Sources */,
				22C0B47C251679C5003E555F /* View+loading.swift in Sources */,
				2209BF5825157F95004CB29F /* RepositoryRow.swift in Sources */,
				2209BF4125156E60004CB29F /* SearchBar.swift in Sources */,
				22C0B4962516BE05003E555F /* UIResponder+Additions.swift in Sources */,
				22C0B4AF2516CC60003E555F /* AppDelegate.swift in Sources */,
				2209BF6325157FEA004CB29F /* RootView.swift in Sources */,
				22C0B49C2516BE40003E555F /* ToolBar.swift in Sources */,
				22C0B450251640E3003E555F /* TextView.swift in Sources */,
				22C0B46F25167834003E555F /* URLImage.swift in Sources */,
			);
			runOnlyForDeploymentPostprocessing = 0;
		};
		2209BE8325153902004CB29F /* Sources */ = {
			isa = PBXSourcesBuildPhase;
			buildActionMask = 2147483647;
			files = (
				2209BEE4251545A1004CB29F /* RepositoryContentResponse.swift in Sources */,
				2209BEFD25154AF7004CB29F /* GithubAPI.swift in Sources */,
				2209BF272515512C004CB29F /* GithubRepositoryDetailsViewModel.swift in Sources */,
				22C0B4592516629D003E555F /* RepositoriesViewModelFactory.swift in Sources */,
				2209BEDA25154334004CB29F /* GithubSearchResponse.swift in Sources */,
				2209BF1225154C46004CB29F /* GithubAPIImplementation.swift in Sources */,
				2209BEAF251539A2004CB29F /* URLSession+extension.swift in Sources */,
				2209BF19251550FC004CB29F /* GithubRepositoriesViewModel.swift in Sources */,
				2209BED4251542D8004CB29F /* GitHubUser.swift in Sources */,
				2209BEF425154A4C004CB29F /* WebRepository.swift in Sources */,
				2209BEF525154A4C004CB29F /* NetworkingHelpers.swift in Sources */,
				2209BEB725153AEE004CB29F /* Constants.swift in Sources */,
				2209BF0825154BAD004CB29F /* FakeGithubAPI.swift in Sources */,
				2209BF2E25155D14004CB29F /* Message.swift in Sources */,
				22C0B475251678B5003E555F /* ImageLoader.swift in Sources */,
				2209BEF325154A4C004CB29F /* APICall.swift in Sources */,
				2209BF4D251576E0004CB29F /* Formatter.swift in Sources */,
				2209BEC225153FFD004CB29F /* GitHubRepository.swift in Sources */,
			);
			runOnlyForDeploymentPostprocessing = 0;
		};
		2209BE8B25153902004CB29F /* Sources */ = {
			isa = PBXSourcesBuildPhase;
			buildActionMask = 2147483647;
			files = (
				2209BE9725153902004CB29F /* GitTrendyModelTests.swift in Sources */,
			);
			runOnlyForDeploymentPostprocessing = 0;
		};
		22C0B4BE2516DE52003E555F /* Sources */ = {
			isa = PBXSourcesBuildPhase;
			buildActionMask = 2147483647;
			files = (
				2268731525175C2000038536 /* RepositoryCell.swift in Sources */,
				22C0B4C92516DE52003E555F /* RepositoriesViewController.swift in Sources */,
				2268733B2517726500038536 /* RepositoryDetails.swift in Sources */,
				22687348251780B800038536 /* RepositoryScrollView.swift in Sources */,
				22C0B4C52516DE52003E555F /* AppDelegate.swift in Sources */,
				2268735B2517C75D00038536 /* SearchBarContainer.swift in Sources */,
				22687347251780B800038536 /* RepositoryContentView.swift in Sources */,
				22C0B4C72516DE52003E555F /* SceneDelegate.swift in Sources */,
				2268730F25175BC300038536 /* UIViewController+Alerts.swift in Sources */,
			);
			runOnlyForDeploymentPostprocessing = 0;
		};
/* End PBXSourcesBuildPhase section */

/* Begin PBXTargetDependency section */
		2209BE9225153902004CB29F /* PBXTargetDependency */ = {
			isa = PBXTargetDependency;
			target = 2209BE8625153902004CB29F /* GitTrendyModel */;
			targetProxy = 2209BE9125153902004CB29F /* PBXContainerItemProxy */;
		};
		2209BE9425153902004CB29F /* PBXTargetDependency */ = {
			isa = PBXTargetDependency;
			target = 2209BE2A2515384A004CB29F /* GitTrendy */;
			targetProxy = 2209BE9325153902004CB29F /* PBXContainerItemProxy */;
		};
		2209BE9B25153902004CB29F /* PBXTargetDependency */ = {
			isa = PBXTargetDependency;
			target = 2209BE8625153902004CB29F /* GitTrendyModel */;
			targetProxy = 2209BE9A25153902004CB29F /* PBXContainerItemProxy */;
		};
		226873552517C21700038536 /* PBXTargetDependency */ = {
			isa = PBXTargetDependency;
			target = 2209BE8625153902004CB29F /* GitTrendyModel */;
			targetProxy = 226873542517C21700038536 /* PBXContainerItemProxy */;
		};
/* End PBXTargetDependency section */

/* Begin PBXVariantGroup section */
		22C0B4CF2516DE53003E555F /* LaunchScreen.storyboard */ = {
			isa = PBXVariantGroup;
			children = (
				22C0B4D02516DE53003E555F /* Base */,
			);
			name = LaunchScreen.storyboard;
			sourceTree = "<group>";
		};
/* End PBXVariantGroup section */

/* Begin XCBuildConfiguration section */
		2209BE4E2515384D004CB29F /* Debug */ = {
			isa = XCBuildConfiguration;
			buildSettings = {
				ALWAYS_SEARCH_USER_PATHS = NO;
				CLANG_ANALYZER_NONNULL = YES;
				CLANG_ANALYZER_NUMBER_OBJECT_CONVERSION = YES_AGGRESSIVE;
				CLANG_CXX_LANGUAGE_STANDARD = "gnu++14";
				CLANG_CXX_LIBRARY = "libc++";
				CLANG_ENABLE_MODULES = YES;
				CLANG_ENABLE_OBJC_ARC = YES;
				CLANG_ENABLE_OBJC_WEAK = YES;
				CLANG_WARN_BLOCK_CAPTURE_AUTORELEASING = YES;
				CLANG_WARN_BOOL_CONVERSION = YES;
				CLANG_WARN_COMMA = YES;
				CLANG_WARN_CONSTANT_CONVERSION = YES;
				CLANG_WARN_DEPRECATED_OBJC_IMPLEMENTATIONS = YES;
				CLANG_WARN_DIRECT_OBJC_ISA_USAGE = YES_ERROR;
				CLANG_WARN_DOCUMENTATION_COMMENTS = YES;
				CLANG_WARN_EMPTY_BODY = YES;
				CLANG_WARN_ENUM_CONVERSION = YES;
				CLANG_WARN_INFINITE_RECURSION = YES;
				CLANG_WARN_INT_CONVERSION = YES;
				CLANG_WARN_NON_LITERAL_NULL_CONVERSION = YES;
				CLANG_WARN_OBJC_IMPLICIT_RETAIN_SELF = YES;
				CLANG_WARN_OBJC_LITERAL_CONVERSION = YES;
				CLANG_WARN_OBJC_ROOT_CLASS = YES_ERROR;
				CLANG_WARN_QUOTED_INCLUDE_IN_FRAMEWORK_HEADER = YES;
				CLANG_WARN_RANGE_LOOP_ANALYSIS = YES;
				CLANG_WARN_STRICT_PROTOTYPES = YES;
				CLANG_WARN_SUSPICIOUS_MOVE = YES;
				CLANG_WARN_UNGUARDED_AVAILABILITY = YES_AGGRESSIVE;
				CLANG_WARN_UNREACHABLE_CODE = YES;
				CLANG_WARN__DUPLICATE_METHOD_MATCH = YES;
				COPY_PHASE_STRIP = NO;
				DEBUG_INFORMATION_FORMAT = dwarf;
				ENABLE_STRICT_OBJC_MSGSEND = YES;
				ENABLE_TESTABILITY = YES;
				GCC_C_LANGUAGE_STANDARD = gnu11;
				GCC_DYNAMIC_NO_PIC = NO;
				GCC_NO_COMMON_BLOCKS = YES;
				GCC_OPTIMIZATION_LEVEL = 0;
				GCC_PREPROCESSOR_DEFINITIONS = (
					"DEBUG=1",
					"$(inherited)",
				);
				GCC_WARN_64_TO_32_BIT_CONVERSION = YES;
				GCC_WARN_ABOUT_RETURN_TYPE = YES_ERROR;
				GCC_WARN_UNDECLARED_SELECTOR = YES;
				GCC_WARN_UNINITIALIZED_AUTOS = YES_AGGRESSIVE;
				GCC_WARN_UNUSED_FUNCTION = YES;
				GCC_WARN_UNUSED_VARIABLE = YES;
				IPHONEOS_DEPLOYMENT_TARGET = 14.0;
				MTL_ENABLE_DEBUG_INFO = INCLUDE_SOURCE;
				MTL_FAST_MATH = YES;
				ONLY_ACTIVE_ARCH = YES;
				SDKROOT = iphoneos;
				SWIFT_ACTIVE_COMPILATION_CONDITIONS = DEBUG;
				SWIFT_OPTIMIZATION_LEVEL = "-Onone";
			};
			name = Debug;
		};
		2209BE4F2515384D004CB29F /* Release */ = {
			isa = XCBuildConfiguration;
			buildSettings = {
				ALWAYS_SEARCH_USER_PATHS = NO;
				CLANG_ANALYZER_NONNULL = YES;
				CLANG_ANALYZER_NUMBER_OBJECT_CONVERSION = YES_AGGRESSIVE;
				CLANG_CXX_LANGUAGE_STANDARD = "gnu++14";
				CLANG_CXX_LIBRARY = "libc++";
				CLANG_ENABLE_MODULES = YES;
				CLANG_ENABLE_OBJC_ARC = YES;
				CLANG_ENABLE_OBJC_WEAK = YES;
				CLANG_WARN_BLOCK_CAPTURE_AUTORELEASING = YES;
				CLANG_WARN_BOOL_CONVERSION = YES;
				CLANG_WARN_COMMA = YES;
				CLANG_WARN_CONSTANT_CONVERSION = YES;
				CLANG_WARN_DEPRECATED_OBJC_IMPLEMENTATIONS = YES;
				CLANG_WARN_DIRECT_OBJC_ISA_USAGE = YES_ERROR;
				CLANG_WARN_DOCUMENTATION_COMMENTS = YES;
				CLANG_WARN_EMPTY_BODY = YES;
				CLANG_WARN_ENUM_CONVERSION = YES;
				CLANG_WARN_INFINITE_RECURSION = YES;
				CLANG_WARN_INT_CONVERSION = YES;
				CLANG_WARN_NON_LITERAL_NULL_CONVERSION = YES;
				CLANG_WARN_OBJC_IMPLICIT_RETAIN_SELF = YES;
				CLANG_WARN_OBJC_LITERAL_CONVERSION = YES;
				CLANG_WARN_OBJC_ROOT_CLASS = YES_ERROR;
				CLANG_WARN_QUOTED_INCLUDE_IN_FRAMEWORK_HEADER = YES;
				CLANG_WARN_RANGE_LOOP_ANALYSIS = YES;
				CLANG_WARN_STRICT_PROTOTYPES = YES;
				CLANG_WARN_SUSPICIOUS_MOVE = YES;
				CLANG_WARN_UNGUARDED_AVAILABILITY = YES_AGGRESSIVE;
				CLANG_WARN_UNREACHABLE_CODE = YES;
				CLANG_WARN__DUPLICATE_METHOD_MATCH = YES;
				COPY_PHASE_STRIP = NO;
				DEBUG_INFORMATION_FORMAT = "dwarf-with-dsym";
				ENABLE_NS_ASSERTIONS = NO;
				ENABLE_STRICT_OBJC_MSGSEND = YES;
				GCC_C_LANGUAGE_STANDARD = gnu11;
				GCC_NO_COMMON_BLOCKS = YES;
				GCC_WARN_64_TO_32_BIT_CONVERSION = YES;
				GCC_WARN_ABOUT_RETURN_TYPE = YES_ERROR;
				GCC_WARN_UNDECLARED_SELECTOR = YES;
				GCC_WARN_UNINITIALIZED_AUTOS = YES_AGGRESSIVE;
				GCC_WARN_UNUSED_FUNCTION = YES;
				GCC_WARN_UNUSED_VARIABLE = YES;
				IPHONEOS_DEPLOYMENT_TARGET = 14.0;
				MTL_ENABLE_DEBUG_INFO = NO;
				MTL_FAST_MATH = YES;
				SDKROOT = iphoneos;
				SWIFT_COMPILATION_MODE = wholemodule;
				SWIFT_OPTIMIZATION_LEVEL = "-O";
				VALIDATE_PRODUCT = YES;
			};
			name = Release;
		};
		2209BE512515384D004CB29F /* Debug */ = {
			isa = XCBuildConfiguration;
			baseConfigurationReference = 34E6F4974EF2CF719EC9A64C /* Pods-GitTrendy.debug.xcconfig */;
			buildSettings = {
				ALWAYS_EMBED_SWIFT_STANDARD_LIBRARIES = YES;
				ASSETCATALOG_COMPILER_APPICON_NAME = AppIcon;
				ASSETCATALOG_COMPILER_GLOBAL_ACCENT_COLOR_NAME = AccentColor;
				CODE_SIGN_STYLE = Automatic;
				DEVELOPMENT_ASSET_PATHS = "\"GitTrendy/Preview Content\"";
				DEVELOPMENT_TEAM = 6H82KV2XS8;
				ENABLE_PREVIEWS = YES;
				INFOPLIST_FILE = GitTrendy/Info.plist;
				IPHONEOS_DEPLOYMENT_TARGET = 13.0;
				LD_RUNPATH_SEARCH_PATHS = (
					"$(inherited)",
					"@executable_path/Frameworks",
				);
				PRODUCT_BUNDLE_IDENTIFIER = com.muziklive.swiftuiffmpeg.GitTrendy;
				PRODUCT_NAME = "$(TARGET_NAME)";
				SWIFT_VERSION = 5.0;
				TARGETED_DEVICE_FAMILY = "1,2";
			};
			name = Debug;
		};
		2209BE522515384D004CB29F /* Release */ = {
			isa = XCBuildConfiguration;
			baseConfigurationReference = 70D495304DA6D898AFF5A686 /* Pods-GitTrendy.release.xcconfig */;
			buildSettings = {
				ALWAYS_EMBED_SWIFT_STANDARD_LIBRARIES = YES;
				ASSETCATALOG_COMPILER_APPICON_NAME = AppIcon;
				ASSETCATALOG_COMPILER_GLOBAL_ACCENT_COLOR_NAME = AccentColor;
				CODE_SIGN_STYLE = Automatic;
				DEVELOPMENT_ASSET_PATHS = "\"GitTrendy/Preview Content\"";
				DEVELOPMENT_TEAM = 6H82KV2XS8;
				ENABLE_PREVIEWS = YES;
				INFOPLIST_FILE = GitTrendy/Info.plist;
				IPHONEOS_DEPLOYMENT_TARGET = 13.0;
				LD_RUNPATH_SEARCH_PATHS = (
					"$(inherited)",
					"@executable_path/Frameworks",
				);
				PRODUCT_BUNDLE_IDENTIFIER = com.muziklive.swiftuiffmpeg.GitTrendy;
				PRODUCT_NAME = "$(TARGET_NAME)";
				SWIFT_VERSION = 5.0;
				TARGETED_DEVICE_FAMILY = "1,2";
			};
			name = Release;
		};
		2209BE9F25153902004CB29F /* Debug */ = {
			isa = XCBuildConfiguration;
			baseConfigurationReference = 4E74380B5DECC8D29793D91A /* Pods-GitTrendyModel.debug.xcconfig */;
			buildSettings = {
				CLANG_ENABLE_MODULES = YES;
				CODE_SIGN_STYLE = Automatic;
				CURRENT_PROJECT_VERSION = 1;
				DEFINES_MODULE = YES;
				DEVELOPMENT_TEAM = 6H82KV2XS8;
				DYLIB_COMPATIBILITY_VERSION = 1;
				DYLIB_CURRENT_VERSION = 1;
				DYLIB_INSTALL_NAME_BASE = "@rpath";
				INFOPLIST_FILE = GitTrendyModel/Info.plist;
				INSTALL_PATH = "$(LOCAL_LIBRARY_DIR)/Frameworks";
				IPHONEOS_DEPLOYMENT_TARGET = 13.0;
				LD_RUNPATH_SEARCH_PATHS = (
					"$(inherited)",
					"@executable_path/Frameworks",
					"@loader_path/Frameworks",
				);
				PRODUCT_BUNDLE_IDENTIFIER = com.iosapps.GitTrendyModel;
				PRODUCT_NAME = "$(TARGET_NAME:c99extidentifier)";
				SKIP_INSTALL = YES;
				SWIFT_OPTIMIZATION_LEVEL = "-Onone";
				SWIFT_VERSION = 5.0;
				TARGETED_DEVICE_FAMILY = "1,2";
				VERSIONING_SYSTEM = "apple-generic";
				VERSION_INFO_PREFIX = "";
			};
			name = Debug;
		};
		2209BEA025153902004CB29F /* Release */ = {
			isa = XCBuildConfiguration;
			baseConfigurationReference = D2C92515EC753BA58635E91C /* Pods-GitTrendyModel.release.xcconfig */;
			buildSettings = {
				CLANG_ENABLE_MODULES = YES;
				CODE_SIGN_STYLE = Automatic;
				CURRENT_PROJECT_VERSION = 1;
				DEFINES_MODULE = YES;
				DEVELOPMENT_TEAM = 6H82KV2XS8;
				DYLIB_COMPATIBILITY_VERSION = 1;
				DYLIB_CURRENT_VERSION = 1;
				DYLIB_INSTALL_NAME_BASE = "@rpath";
				INFOPLIST_FILE = GitTrendyModel/Info.plist;
				INSTALL_PATH = "$(LOCAL_LIBRARY_DIR)/Frameworks";
				IPHONEOS_DEPLOYMENT_TARGET = 13.0;
				LD_RUNPATH_SEARCH_PATHS = (
					"$(inherited)",
					"@executable_path/Frameworks",
					"@loader_path/Frameworks",
				);
				PRODUCT_BUNDLE_IDENTIFIER = com.iosapps.GitTrendyModel;
				PRODUCT_NAME = "$(TARGET_NAME:c99extidentifier)";
				SKIP_INSTALL = YES;
				SWIFT_VERSION = 5.0;
				TARGETED_DEVICE_FAMILY = "1,2";
				VERSIONING_SYSTEM = "apple-generic";
				VERSION_INFO_PREFIX = "";
			};
			name = Release;
		};
		2209BEA325153902004CB29F /* Debug */ = {
			isa = XCBuildConfiguration;
			baseConfigurationReference = 602DA0D100A4551FD79FFC3D /* Pods-GitTrendyModel-GitTrendyModelTests.debug.xcconfig */;
			buildSettings = {
				ALWAYS_EMBED_SWIFT_STANDARD_LIBRARIES = YES;
				CODE_SIGN_STYLE = Automatic;
				DEVELOPMENT_TEAM = 6H82KV2XS8;
				INFOPLIST_FILE = GitTrendyModelTests/Info.plist;
				LD_RUNPATH_SEARCH_PATHS = (
					"$(inherited)",
					"@executable_path/Frameworks",
					"@loader_path/Frameworks",
				);
				PRODUCT_BUNDLE_IDENTIFIER = com.iosapps.GitTrendyModelTests;
				PRODUCT_NAME = "$(TARGET_NAME)";
				SWIFT_VERSION = 5.0;
				TARGETED_DEVICE_FAMILY = "1,2";
				TEST_HOST = "$(BUILT_PRODUCTS_DIR)/GitTrendy.app/GitTrendy";
			};
			name = Debug;
		};
		2209BEA425153902004CB29F /* Release */ = {
			isa = XCBuildConfiguration;
			baseConfigurationReference = FB1322B4339CC6BDFDC6ADC0 /* Pods-GitTrendyModel-GitTrendyModelTests.release.xcconfig */;
			buildSettings = {
				ALWAYS_EMBED_SWIFT_STANDARD_LIBRARIES = YES;
				CODE_SIGN_STYLE = Automatic;
				DEVELOPMENT_TEAM = 6H82KV2XS8;
				INFOPLIST_FILE = GitTrendyModelTests/Info.plist;
				LD_RUNPATH_SEARCH_PATHS = (
					"$(inherited)",
					"@executable_path/Frameworks",
					"@loader_path/Frameworks",
				);
				PRODUCT_BUNDLE_IDENTIFIER = com.iosapps.GitTrendyModelTests;
				PRODUCT_NAME = "$(TARGET_NAME)";
				SWIFT_VERSION = 5.0;
				TARGETED_DEVICE_FAMILY = "1,2";
				TEST_HOST = "$(BUILT_PRODUCTS_DIR)/GitTrendy.app/GitTrendy";
			};
			name = Release;
		};
		22C0B4EA2516DE54003E555F /* Debug */ = {
			isa = XCBuildConfiguration;
			baseConfigurationReference = B79E0B2E285BF5EC2EA45119 /* Pods-GitTrendyUIKit.debug.xcconfig */;
			buildSettings = {
				ASSETCATALOG_COMPILER_APPICON_NAME = AppIcon;
				ASSETCATALOG_COMPILER_GLOBAL_ACCENT_COLOR_NAME = AccentColor;
				CODE_SIGN_STYLE = Automatic;
				DEVELOPMENT_TEAM = 6H82KV2XS8;
				INFOPLIST_FILE = GitTrendyUIKit/Info.plist;
				IPHONEOS_DEPLOYMENT_TARGET = 13.0;
				LD_RUNPATH_SEARCH_PATHS = (
					"$(inherited)",
					"@executable_path/Frameworks",
				);
				PRODUCT_BUNDLE_IDENTIFIER = com.iosapps.GitTrendyUIKit;
				PRODUCT_NAME = "$(TARGET_NAME)";
				SWIFT_VERSION = 5.0;
				TARGETED_DEVICE_FAMILY = "1,2";
			};
			name = Debug;
		};
		22C0B4EB2516DE54003E555F /* Release */ = {
			isa = XCBuildConfiguration;
			baseConfigurationReference = 27CF44EBB9CBB729F21D738D /* Pods-GitTrendyUIKit.release.xcconfig */;
			buildSettings = {
				ASSETCATALOG_COMPILER_APPICON_NAME = AppIcon;
				ASSETCATALOG_COMPILER_GLOBAL_ACCENT_COLOR_NAME = AccentColor;
				CODE_SIGN_STYLE = Automatic;
				DEVELOPMENT_TEAM = 6H82KV2XS8;
				INFOPLIST_FILE = GitTrendyUIKit/Info.plist;
				IPHONEOS_DEPLOYMENT_TARGET = 13.0;
				LD_RUNPATH_SEARCH_PATHS = (
					"$(inherited)",
					"@executable_path/Frameworks",
				);
				PRODUCT_BUNDLE_IDENTIFIER = com.iosapps.GitTrendyUIKit;
				PRODUCT_NAME = "$(TARGET_NAME)";
				SWIFT_VERSION = 5.0;
				TARGETED_DEVICE_FAMILY = "1,2";
			};
			name = Release;
		};
/* End XCBuildConfiguration section */

/* Begin XCConfigurationList section */
		2209BE262515384A004CB29F /* Build configuration list for PBXProject "GitTrendy" */ = {
			isa = XCConfigurationList;
			buildConfigurations = (
				2209BE4E2515384D004CB29F /* Debug */,
				2209BE4F2515384D004CB29F /* Release */,
			);
			defaultConfigurationIsVisible = 0;
			defaultConfigurationName = Release;
		};
		2209BE502515384D004CB29F /* Build configuration list for PBXNativeTarget "GitTrendy" */ = {
			isa = XCConfigurationList;
			buildConfigurations = (
				2209BE512515384D004CB29F /* Debug */,
				2209BE522515384D004CB29F /* Release */,
			);
			defaultConfigurationIsVisible = 0;
			defaultConfigurationName = Release;
		};
		2209BE9E25153902004CB29F /* Build configuration list for PBXNativeTarget "GitTrendyModel" */ = {
			isa = XCConfigurationList;
			buildConfigurations = (
				2209BE9F25153902004CB29F /* Debug */,
				2209BEA025153902004CB29F /* Release */,
			);
			defaultConfigurationIsVisible = 0;
			defaultConfigurationName = Release;
		};
		2209BEA225153902004CB29F /* Build configuration list for PBXNativeTarget "GitTrendyModelTests" */ = {
			isa = XCConfigurationList;
			buildConfigurations = (
				2209BEA325153902004CB29F /* Debug */,
				2209BEA425153902004CB29F /* Release */,
			);
			defaultConfigurationIsVisible = 0;
			defaultConfigurationName = Release;
		};
		22C0B4E92516DE54003E555F /* Build configuration list for PBXNativeTarget "GitTrendyUIKit" */ = {
			isa = XCConfigurationList;
			buildConfigurations = (
				22C0B4EA2516DE54003E555F /* Debug */,
				22C0B4EB2516DE54003E555F /* Release */,
			);
			defaultConfigurationIsVisible = 0;
			defaultConfigurationName = Release;
		};
/* End XCConfigurationList section */
	};
	rootObject = 2209BE232515384A004CB29F /* Project object */;
}
